version = 1
revision = 1
requires-python = ">=3.12"

[[package]]
name = "jpelectricdata"
version = "0.1.0"
source = { virtual = "." }
dependencies = [
    { name = "pip" },
    { name = "pyuwsgi" },
    { name = "uwsgi" },
]

[package.metadata]
requires-dist = [
    { name = "pip", specifier = ">=25.0.1" },
    { name = "pyuwsgi", specifier = ">=2.0.28.post1" },
    { name = "uwsgi", specifier = ">=2.0.28" },
]

[[package]]
name = "pip"
version = "25.0.1"
source = { registry = "https://pypi.org/simple" }
sdist = { url = "https://files.pythonhosted.org/packages/70/53/b309b4a497b09655cb7e07088966881a57d082f48ac3cb54ea729fd2c6cf/pip-25.0.1.tar.gz", hash = "sha256:88f96547ea48b940a3a385494e181e29fb8637898f88d88737c5049780f196ea", size = 1950850 }
wheels = [
    { url = "https://files.pythonhosted.org/packages/c9/bc/b7db44f5f39f9d0494071bddae6880eb645970366d0a200022a1a93d57f5/pip-25.0.1-py3-none-any.whl", hash = "sha256:c46efd13b6aa8279f33f2864459c8ce587ea6a1a59ee20de055868d8f7688f7f", size = 1841526 },
]

[[package]]
name = "pyuwsgi"
version = "2.0.28.post1"
source = { registry = "https://pypi.org/simple" }
sdist = { url = "https://files.pythonhosted.org/packages/06/50/1438aa4b04a30b62280f2ac1a614f0ae3c6ef0327f84302c840249a2616d/pyuwsgi-2.0.28.post1.tar.gz", hash = "sha256:3b85217fd489d623512066ffed0cfc4c95bd3321655e9c6ea13cf6c7f064c9b0", size = 856346 }
wheels = [
    { url = "https://files.pythonhosted.org/packages/1c/d3/63f8d35e445fccfccb9f7b568db7f96b16cdd06ea6615b474cf1f66337b3/pyuwsgi-2.0.28.post1-cp312-cp312-macosx_10_9_x86_64.whl", hash = "sha256:9390e8a2297186ede814d5863a06fa98b91295c813fdd3d08fe1357793476486", size = 663610 },
    { url = "https://files.pythonhosted.org/packages/21/9b/5cc43eae61af2fcffe38dd9a1381ae1591a6058aaccaea72c6f5e29ca371/pyuwsgi-2.0.28.post1-cp312-cp312-macosx_11_0_arm64.whl", hash = "sha256:06a0294910de374ff43032b41333f7f9b62d59308b7f3eea29bc64d78fb93613", size = 589468 },
    { url = "https://files.pythonhosted.org/packages/4f/2a/cc0a1927f10235d26008a5e348eb596d88a50a4a09c42cb54ebaa295a4ec/pyuwsgi-2.0.28.post1-cp312-cp312-manylinux_2_17_aarch64.manylinux2014_aarch64.whl", hash = "sha256:64b40503a87621e79efe4306b77595a0cbcb69afa4f3428a85e4e8ac46068d88", size = 881465 },
    { url = "https://files.pythonhosted.org/packages/aa/6b/2315b270787846f4e8dc3589d4a8201cb7aa99db57dc6d3a883210c754e9/pyuwsgi-2.0.28.post1-cp312-cp312-manylinux_2_17_i686.manylinux2014_i686.whl", hash = "sha256:1157f49bfb360c1883feec82553adbed1e4a447e5ced66f36525a92f0e46397e", size = 940156 },
    { url = "https://files.pythonhosted.org/packages/df/13/7d73f07240fe26499188a4f630ab3292dcf32536aa491a43620cc852b380/pyuwsgi-2.0.28.post1-cp312-cp312-manylinux_2_17_x86_64.manylinux2014_x86_64.whl", hash = "sha256:941d44a67760dc173c0f8318f8b7bd1ef7927533d6efb4641b2ea9e934f09981", size = 889417 },
    { url = "https://files.pythonhosted.org/packages/fb/49/a084bcf40a159bc0855447b3eab8b7710453342310cdc7d99803d15d8707/pyuwsgi-2.0.28.post1-cp312-cp312-musllinux_1_2_aarch64.whl", hash = "sha256:5a90b72a25ba1a34299f4958237a12f18154b373a9a0a93a6267af5e8798c1ee", size = 861901 },
    { url = "https://files.pythonhosted.org/packages/56/48/329628c988438ed709218332f9a08282cdd657b688c652d56167cb870cc1/pyuwsgi-2.0.28.post1-cp312-cp312-musllinux_1_2_i686.whl", hash = "sha256:2c29fdf5baaff9d717aedb63e7b78b90bec561afc099f952db44699adcb0c575", size = 933175 },
    { url = "https://files.pythonhosted.org/packages/8f/42/07f42601ae6a8ff162317190f53ba59311fe0ebeedf523bd79b69ab667c5/pyuwsgi-2.0.28.post1-cp312-cp312-musllinux_1_2_x86_64.whl", hash = "sha256:7e8fd6f2116d2afce52965c940a96a939e9d9c7409f3e19ba445a25e33779f08", size = 871006 },
    { url = "https://files.pythonhosted.org/packages/54/7d/e591df9501dd2591629a2cff11d30047bdc25b51bac53ce81294e50ea6d5/pyuwsgi-2.0.28.post1-cp313-cp313-macosx_10_13_x86_64.whl", hash = "sha256:787fd67086df87921bc8837ef018cd7cf02834136f4735811375c1e17b776b40", size = 657834 },
    { url = "https://files.pythonhosted.org/packages/f3/58/c64c3e1ef751b3a8d7cdda17e1ec0fd4edfd03f8f8684af04754573004e1/pyuwsgi-2.0.28.post1-cp313-cp313-macosx_11_0_arm64.whl", hash = "sha256:f27ee3445eab37fabbe3afc6af68220c8f0bd28c5228d6a2ec7886d080614ad4", size = 589465 },
    { url = "https://files.pythonhosted.org/packages/ff/ad/fa5014f7653094006378a0c5e0c3349bdaaecdde4c90168bd3e8a1024da7/pyuwsgi-2.0.28.post1-cp313-cp313-manylinux_2_17_aarch64.manylinux2014_aarch64.whl", hash = "sha256:5bdd7ec17f795049ef346dc10efbfce6c1a9500f3f39262c86107c70b9a83cb9", size = 881423 },
    { url = "https://files.pythonhosted.org/packages/17/4d/14aa75acf80347c9dea087c8b9046c78977113bafdf9625998e5e1172a76/pyuwsgi-2.0.28.post1-cp313-cp313-manylinux_2_17_i686.manylinux2014_i686.whl", hash = "sha256:f4563fa76d64a2c309eb902511a1fcdce66865a03785c61494db5c53136ffa7a", size = 940149 },
    { url = "https://files.pythonhosted.org/packages/5e/5e/872c6c20e71d971d7bc5ce15b28a7589efc0cf0ce8907c71cfccc83cd66b/pyuwsgi-2.0.28.post1-cp313-cp313-manylinux_2_17_x86_64.manylinux2014_x86_64.whl", hash = "sha256:32838668eab84ac6847876d9da72768552fca556e09a1fe3a63facb976bd12ad", size = 889435 },
    { url = "https://files.pythonhosted.org/packages/be/42/d6213e452801edf88a6d33d143940fba768e12077bfe2302fea97d40117e/pyuwsgi-2.0.28.post1-cp313-cp313-musllinux_1_2_aarch64.whl", hash = "sha256:c9feafdfa73a632767a0cb1bafd285e36fba925b9c9ddd2b3311f2963c917c9f", size = 861908 },
    { url = "https://files.pythonhosted.org/packages/cf/76/4ff14815ee0fc3aea5c510dc4de8a487e5a1173a1bb2d81c03c52fc6491e/pyuwsgi-2.0.28.post1-cp313-cp313-musllinux_1_2_i686.whl", hash = "sha256:20d23ddbf28a831543d586c9e5727c9c28d7be7bd7cb853c7db2e0c529f605bf", size = 933187 },
    { url = "https://files.pythonhosted.org/packages/8c/65/1d90d5baa3c0360d7524b7390fc2dae5d26be8f995fb3f9eda76cfb2fc2e/pyuwsgi-2.0.28.post1-cp313-cp313-musllinux_1_2_x86_64.whl", hash = "sha256:c0b1b09bdf836a6cacf35e2bb06f6ad4b7dff6c6ad48895e1b1c0b0d19bbbfcc", size = 870991 },
]

[[package]]
name = "uwsgi"
version = "2.0.28"
source = { registry = "https://pypi.org/simple" }
sdist = { url = "https://files.pythonhosted.org/packages/24/c2/d58480aadc9a1f420dd96fc43cf0dcd8cb5ededb95cab53743529c23b6cd/uwsgi-2.0.28.tar.gz", hash = "sha256:79ca1891ef2df14508ab0471ee8c0eb94bd2d51d03f32f90c4bbe557ab1e99d0", size = 816212 }
